
Microsoft Visual Studio Solution File, Format Version 12.00
# Visual Studio Version 17
VisualStudioVersion = 17.9.34723.18
MinimumVisualStudioVersion = 10.0.40219.1
Project("{9A19103F-16F7-4668-BE54-9A1E7A4F7556}") = "CDNwebApi", "CDNwebApi.csproj", "{FDD11A71-24AD-4472-B721-6C1E21A6516F}"
EndProject
Global
	GlobalSection(SolutionConfigurationPlatforms) = preSolution
		Debug|Any CPU = Debug|Any CPU
		Release|Any CPU = Release|Any CPU
	EndGlobalSection
	GlobalSection(ProjectConfigurationPlatforms) = postSolution
		{FDD11A71-24AD-4472-B721-6C1E21A6516F}.Debug|Any CPU.ActiveCfg = Debug|Any CPU
		{FDD11A71-24AD-4472-B721-6C1E21A6516F}.Debug|Any CPU.Build.0 = Debug|Any CPU
		{FDD11A71-24AD-4472-B721-6C1E21A6516F}.Release|Any CPU.ActiveCfg = Release|Any CPU
		{FDD11A71-24AD-4472-B721-6C1E21A6516F}.Release|Any CPU.Build.0 = Release|Any CPU
	EndGlobalSection
	GlobalSection(SolutionProperties) = preSolution
		HideSolutionNode = FALSE
	EndGlobalSection
	GlobalSection(ExtensibilityGlobals) = postSolution
		SolutionGuid = {40722852-90F4-4012-95DE-4BFCF3D84635}
	EndGlobalSection
EndGlobal
